
Microsoft Visual Studio Solution File, Format Version 12.00
# Visual Studio Version 17
VisualStudioVersion = 17.9.34728.123
MinimumVisualStudioVersion = 10.0.40219.1
Project("{9A19103F-16F7-4668-BE54-9A1E7A4F7556}") = "test", "test\test.csproj", "{75C21C4C-5274-4789-8965-3E8D240AC7F5}"
EndProject
Global
	GlobalSection(SolutionConfigurationPlatforms) = preSolution
		Debug|Any CPU = Debug|Any CPU
		Release|Any CPU = Release|Any CPU
	EndGlobalSection
	GlobalSection(ProjectConfigurationPlatforms) = postSolution
		{75C21C4C-5274-4789-8965-3E8D240AC7F5}.Debug|Any CPU.ActiveCfg = Debug|Any CPU
		{75C21C4C-5274-4789-8965-3E8D240AC7F5}.Debug|Any CPU.Build.0 = Debug|Any CPU
		{75C21C4C-5274-4789-8965-3E8D240AC7F5}.Release|Any CPU.ActiveCfg = Release|Any CPU
		{75C21C4C-5274-4789-8965-3E8D240AC7F5}.Release|Any CPU.Build.0 = Release|Any CPU
	EndGlobalSection
	GlobalSection(SolutionProperties) = preSolution
		HideSolutionNode = FALSE
	EndGlobalSection
	GlobalSection(ExtensibilityGlobals) = postSolution
		SolutionGuid = {3FBEE92C-3476-4AA5-817A-5EB8051595EC}
	EndGlobalSection
EndGlobal
